{
  "nodes": {
    "crane": {
      "locked": {
        "lastModified": 1778106249,
        "narHash": "sha256-cM/AuKy5tMhwOOQIbha8ZRRMHVfNf7cv2aljIw+qoCg=",
        "owner": "ipetkov",
        "repo": "crane",
        "rev": "6d015ea29630b7ad2402841386da2cb617a470a7",
        "type": "github"
      },
      "original": {
        "owner": "ipetkov",
        "repo": "crane",
        "type": "github"
      }
    },
    "crane_2": {
      "locked": {
        "lastModified": 1779130139,
        "narHash": "sha256-BLrtr42azquO7MdGFU5a7KiMl3YpFlTeIXqy1fT5GlQ=",
        "owner": "ipetkov",
        "repo": "crane",
        "rev": "edb38893982a3338972bb4a2ec7ce7c29ba10fd9",
        "type": "github"
      },
      "original": {
        "owner": "ipetkov",
        "repo": "crane",
        "type": "github"
      }
    },
    "crane_3": {
      "locked": {
        "lastModified": 1783203018,
        "narHash": "sha256-G6R9IT/xwFuu+CYBWDUAok6AdC4ERC4ZfPPFtEpxnZE=",
        "owner": "ipetkov",
        "repo": "crane",
        "rev": "80db5bdc391be8a1794f6d8a2d56e3a84ebcede2",
        "type": "github"
      },
      "original": {
        "owner": "ipetkov",
        "repo": "crane",
        "type": "github"
      }
    },
    "crane_4": {
      "locked": {
        "lastModified": 1780532242,
        "narHash": "sha256-D+BsdpxmtUwtqGoY0IXPhHgTlmqgcZKCEo1oMyn7ep0=",
        "owner": "ipetkov",
        "repo": "crane",
        "rev": "59a82a1222dd3b2080b5cc52a1a2e8d5f1b77f37",
        "type": "github"
      },
      "original": {
        "owner": "ipetkov",
        "repo": "crane",
        "type": "github"
      }
    },
    "ledoxide": {
      "inputs": {
        "crane": "crane",
        "nixpkgs": [
          "nixpkgs"
        ]
      },
      "locked": {
        "lastModified": 1783402654,
        "narHash": "sha256-MxaXZqO1AAQkdpqLwPuAtAJEA5+MujCnYEgiBI64RBw=",
        "owner": "zhufucdev",
        "repo": "ledoxide",
        "rev": "78e007682cd2e50a4a94c2abc93ac27fc0978d8d",
        "type": "github"
      },
      "original": {
        "owner": "zhufucdev",
        "repo": "ledoxide",
        "type": "github"
      }
    },
    "nix-gaming-edge": {
      "inputs": {
        "nixpkgs": [
          "nixpkgs"
        ]
      },
      "locked": {
        "lastModified": 1783497296,
        "narHash": "sha256-v4KXW9OvmsHNPkmLyOIbc+mFgCMVK/Cm1OuuE6gkvTM=",
        "owner": "powerofthe69",
        "repo": "nix-gaming-edge",
        "rev": "ac2bb2cf7b81a3a268f441a45349ce4fe78a0d00",
        "type": "github"
      },
      "original": {
        "owner": "powerofthe69",
        "repo": "nix-gaming-edge",
        "type": "github"
      }
    },
    "nixpkgs": {
      "locked": {
        "lastModified": 1783224372,
        "narHash": "sha256-8i/87eeoqiGE4yOTjwSA3Eh/ziJRQEmd/unYU+K27sk=",
        "owner": "NixOS",
        "repo": "nixpkgs",
        "rev": "d407951447dcd00442e97087bf374aad70c04cea",
        "type": "github"
      },
      "original": {
        "owner": "NixOS",
        "ref": "nixos-unstable",
        "repo": "nixpkgs",
        "type": "github"
      }
    },
    "not-yet": {
      "inputs": {
        "crane": "crane_2",
        "nixpkgs": [
          "nixpkgs"
        ]
      },
      "locked": {
        "lastModified": 1780941223,
        "narHash": "sha256-P9A2/bsnijh05VoDznf49pvvODE59VbBX8o9ve/3ivo=",
        "owner": "zhufucdev",
        "repo": "not-yet",
        "rev": "d3e9e3b675b3d695c744047142b329a1e0deff79",
        "type": "github"
      },
      "original": {
        "owner": "zhufucdev",
        "repo": "not-yet",
        "type": "github"
      }
    },
    "quanwutong-exporter": {
      "inputs": {
        "crane": "crane_3",
        "nixpkgs": [
          "nixpkgs"
        ]
      },
      "locked": {
        "lastModified": 1783492236,
        "narHash": "sha256-LovXbgiAB838dKEjYBseSTIwL3eUBZK/OE9chqzMRro=",
        "owner": "zhufucdev",
        "repo": "quanwutong-exporter",
        "rev": "c0fc557d2e0f28ec58da3539bb5e378a22abd452",
        "type": "github"
      },
      "original": {
        "owner": "zhufucdev",
        "repo": "quanwutong-exporter",
        "type": "github"
      }
    },
    "rlamus": {
      "inputs": {
        "crane": "crane_4",
        "nixpkgs": [
          "nixpkgs"
        ]
      },
      "locked": {
        "lastModified": 1783329619,
        "narHash": "sha256-tIAWwJEQb6YP+WJv6jeXMfbQi54w5cF6rC3doIb9LwA=",
        "owner": "sumalr-developers",
        "repo": "rlamus",
        "rev": "b65e91da123373ed20686061c4e8277ed6e145e0",
        "type": "github"
      },
      "original": {
        "owner": "sumalr-developers",
        "repo": "rlamus",
        "type": "github"
      }
    },
    "root": {
      "inputs": {
        "ledoxide": "ledoxide",
        "nix-gaming-edge": "nix-gaming-edge",
        "nixpkgs": "nixpkgs",
        "not-yet": "not-yet",
        "quanwutong-exporter": "quanwutong-exporter",
        "rlamus": "rlamus",
        "sops-nix": "sops-nix"
      }
    },
    "sops-nix": {
      "inputs": {
        "nixpkgs": [
          "nixpkgs"
        ]
      },
      "locked": {
        "lastModified": 1783174389,
        "narHash": "sha256-aCWC8ngycU7OdJrU2+Je3qf+1a2ykuBvpPhZT/9tXMc=",
        "owner": "Mic92",
        "repo": "sops-nix",
        "rev": "f1406619a3884cd5c47992a70b8b35c9c0fcb4c9",
        "type": "github"
      },
      "original": {
        "owner": "Mic92",
        "repo": "sops-nix",
        "type": "github"
      }
    }
  },
  "root": "root",
  "version": 7
}
