{
  "nodes": {
    "brew-src": {
      "flake": false,
      "locked": {
        "lastModified": 1784558651,
        "narHash": "sha256-woXJ1ATKpSYRWCy46TQJjmm9XzAeZVEZw9xDfVG9NYI=",
        "owner": "Homebrew",
        "repo": "brew",
        "rev": "b48c7994b5f0eed7bef532efa63cb4e4f763887a",
        "type": "github"
      },
      "original": {
        "owner": "Homebrew",
        "ref": "6.0.12",
        "repo": "brew",
        "type": "github"
      }
    },
    "flake-utils": {
      "inputs": {
        "systems": "systems"
      },
      "locked": {
        "lastModified": 1731533236,
        "narHash": "sha256-l0KFg5HjrsfsO/JpG+r7fRrqm12kzFHyUHqHCVpMMbI=",
        "owner": "numtide",
        "repo": "flake-utils",
        "rev": "11707dc2f618dd54ca8739b309ec4fc024de578b",
        "type": "github"
      },
      "original": {
        "owner": "numtide",
        "repo": "flake-utils",
        "type": "github"
      }
    },
    "home-manager": {
      "inputs": {
        "nixpkgs": [
          "nixpkgs"
        ]
      },
      "locked": {
        "lastModified": 1785119578,
        "narHash": "sha256-3VMVuOJ6fK+RNOXVmqusqUwQ1sDfPeddNKaM2JR/4Y0=",
        "owner": "nix-community",
        "repo": "home-manager",
        "rev": "e83dffa86cccb6237fe194d4eeb47f41557749d1",
        "type": "github"
      },
      "original": {
        "owner": "nix-community",
        "ref": "master",
        "repo": "home-manager",
        "type": "github"
      }
    },
    "homebrew-cask": {
      "flake": false,
      "locked": {
        "lastModified": 1785131361,
        "narHash": "sha256-f0mDJjedFff7V4Ul9Yqf4sxFhZlHpZG0JdJF3MQBUV0=",
        "owner": "homebrew",
        "repo": "homebrew-cask",
        "rev": "28573df132b85602ca07fbe7e69482dfc5d7e36c",
        "type": "github"
      },
      "original": {
        "owner": "homebrew",
        "repo": "homebrew-cask",
        "type": "github"
      }
    },
    "homebrew-core": {
      "flake": false,
      "locked": {
        "lastModified": 1785133610,
        "narHash": "sha256-jxHxJBdvrvEY+RFCS684JMg/VqhRIYnMPei9flkCSAM=",
        "owner": "homebrew",
        "repo": "homebrew-core",
        "rev": "eb5e15f8df723c2ba266a37572a2fa45cf1f82e1",
        "type": "github"
      },
      "original": {
        "owner": "homebrew",
        "repo": "homebrew-core",
        "type": "github"
      }
    },
    "macos-cross-toolchains": {
      "flake": false,
      "locked": {
        "lastModified": 1771152123,
        "narHash": "sha256-n9uQNueFY+W5jsJfd5m+2x7p3HFw7nu2BcW+M1RaOuY=",
        "owner": "messense",
        "repo": "macos-cross-toolchains",
        "rev": "a76e79b487badebb6f70814bef72a7e969d33834",
        "type": "github"
      },
      "original": {
        "owner": "messense",
        "repo": "macos-cross-toolchains",
        "type": "github"
      }
    },
    "nix-darwin": {
      "inputs": {
        "nixpkgs": [
          "nixpkgs"
        ]
      },
      "locked": {
        "lastModified": 1784500460,
        "narHash": "sha256-UvORnAxTRHax7RG74W8Z2t4GvIkX6AjJ5kk0QlwZomo=",
        "owner": "LnL7",
        "repo": "nix-darwin",
        "rev": "57a3171f94705599a2499248ca5758d5eb47c0e0",
        "type": "github"
      },
      "original": {
        "owner": "LnL7",
        "repo": "nix-darwin",
        "type": "github"
      }
    },
    "nix-homebrew": {
      "inputs": {
        "brew-src": "brew-src"
      },
      "locked": {
        "lastModified": 1784906761,
        "narHash": "sha256-2v0H8+Ert+xbm0oliHblXTPPczuKiibBUBvRax59kxg=",
        "owner": "zhaofengli",
        "repo": "nix-homebrew",
        "rev": "60623ec512406261f553d24033c8a0c53fd0b7f2",
        "type": "github"
      },
      "original": {
        "owner": "zhaofengli",
        "repo": "nix-homebrew",
        "type": "github"
      }
    },
    "nixpkgs": {
      "locked": {
        "lastModified": 1785090369,
        "narHash": "sha256-m0pDuRJG7EDo9ri+4Ksu83VsI+PlxNC9lNBfydejce4=",
        "owner": "NixOS",
        "repo": "nixpkgs",
        "rev": "624af665418d3c65d544145b4d34ad696439570e",
        "type": "github"
      },
      "original": {
        "owner": "NixOS",
        "ref": "nixos-unstable",
        "repo": "nixpkgs",
        "type": "github"
      }
    },
    "nixpkgs_2": {
      "locked": {
        "lastModified": 1770562336,
        "narHash": "sha256-ub1gpAONMFsT/GU2hV6ZWJjur8rJ6kKxdm9IlCT0j84=",
        "owner": "NixOS",
        "repo": "nixpkgs",
        "rev": "d6c71932130818840fc8fe9509cf50be8c64634f",
        "type": "github"
      },
      "original": {
        "owner": "NixOS",
        "ref": "nixos-unstable",
        "repo": "nixpkgs",
        "type": "github"
      }
    },
    "root": {
      "inputs": {
        "flake-utils": "flake-utils",
        "home-manager": "home-manager",
        "homebrew-cask": "homebrew-cask",
        "homebrew-core": "homebrew-core",
        "macos-cross-toolchains": "macos-cross-toolchains",
        "nix-darwin": "nix-darwin",
        "nix-homebrew": "nix-homebrew",
        "nixpkgs": "nixpkgs",
        "shichizip": "shichizip",
        "sikarugir": "sikarugir",
        "tree-sitter": "tree-sitter",
        "tw93": "tw93",
        "zewo": "zewo"
      }
    },
    "shichizip": {
      "flake": false,
      "locked": {
        "lastModified": 1784743529,
        "narHash": "sha256-89rdqKzgE+No8MVCsliBzvHgVo4lizAIpLuF1nM1LLU=",
        "owner": "shichizip",
        "repo": "homebrew-tap",
        "rev": "726260cefd98c19185dd855a7b7ba6e308cc1134",
        "type": "github"
      },
      "original": {
        "owner": "shichizip",
        "repo": "homebrew-tap",
        "type": "github"
      }
    },
    "sikarugir": {
      "flake": false,
      "locked": {
        "lastModified": 1781129674,
        "narHash": "sha256-2MnGlm1ug4sTdIBhnASYdYwwdTMwNmoWrtp+DPEskzc=",
        "owner": "Sikarugir-App",
        "repo": "homebrew-sikarugir",
        "rev": "3de9f256205b7961ec45dcfed740f280beb5d0b8",
        "type": "github"
      },
      "original": {
        "owner": "Sikarugir-App",
        "repo": "homebrew-sikarugir",
        "type": "github"
      }
    },
    "systems": {
      "locked": {
        "lastModified": 1681028828,
        "narHash": "sha256-Vy1rq5AaRuLzOxct8nz4T6wlgyUR7zLU309k9mBC768=",
        "owner": "nix-systems",
        "repo": "default",
        "rev": "da67096a3b9bf56a91d16901293e51ba5b49a27e",
        "type": "github"
      },
      "original": {
        "owner": "nix-systems",
        "repo": "default",
        "type": "github"
      }
    },
    "tree-sitter": {
      "inputs": {
        "nixpkgs": "nixpkgs_2"
      },
      "locked": {
        "lastModified": 1785132395,
        "narHash": "sha256-Wh1Eygq/FTVxWP5MOvZhTYBSM+EWOCqGl9/oUOsFjJk=",
        "owner": "tree-sitter",
        "repo": "tree-sitter",
        "rev": "0900f84eab7ad2cd3fb641d9e15e01545adda38f",
        "type": "github"
      },
      "original": {
        "owner": "tree-sitter",
        "repo": "tree-sitter",
        "type": "github"
      }
    },
    "tw93": {
      "flake": false,
      "locked": {
        "lastModified": 1785036931,
        "narHash": "sha256-YQcZkRdKb+sFbdWLeb2K9QwpQRuDSfNchmNJ89LLjds=",
        "owner": "tw93",
        "repo": "homebrew-tap",
        "rev": "be161b63372bbadd14a567ce48f2236ad38ee9e3",
        "type": "github"
      },
      "original": {
        "owner": "tw93",
        "repo": "homebrew-tap",
        "type": "github"
      }
    },
    "zewo": {
      "flake": false,
      "locked": {
        "lastModified": 1510570258,
        "narHash": "sha256-mNvp5UGHNxgHc//c/NtiyF/d4eJUW6hgnHmPpvV1+A8=",
        "owner": "zewo",
        "repo": "homebrew-tap",
        "rev": "4bd657d5528c8ca60ac1a506bd28b1c291fdd57a",
        "type": "github"
      },
      "original": {
        "owner": "zewo",
        "repo": "homebrew-tap",
        "type": "github"
      }
    }
  },
  "root": "root",
  "version": 7
}
