{
  "nodes": {
    "autoraise": {
      "flake": false,
      "locked": {
        "lastModified": 1789313034,
        "narHash": "sha256-KMXYQ6geOc6FraNHnaQZuK8kc9HIry6VFRf6SAifggc=",
        "owner": "Dimentium",
        "repo": "homebrew-autoraise",
        "rev": "e01411ee9f9d0983df9ea0e3768a1d436cc57359",
        "type": "github"
      },
      "original": {
        "owner": "Dimentium",
        "repo": "homebrew-autoraise",
        "type": "github"
      }
    },
    "brew-src": {
      "flake": false,
      "locked": {
        "lastModified": 1788591592,
        "narHash": "sha256-NbwVKwKLFl0oXub7oPjvmDaOygCtV2oboeKTu4xXFTk=",
        "owner": "Homebrew",
        "repo": "brew",
        "rev": "08e85c4e42f5d8f1ea17c36cb59cf61c2ccb26c3",
        "type": "github"
      },
      "original": {
        "owner": "Homebrew",
        "ref": "6.0.22",
        "repo": "brew",
        "type": "github"
      }
    },
    "crane": {
      "locked": {
        "lastModified": 1778106249,
        "narHash": "sha256-cM/AuKy5tMhwOOQIbha8ZRRMHVfNf7cv2aljIw+qoCg=",
        "owner": "ipetkov",
        "repo": "crane",
        "rev": "6d015ea29630b7ad2402841386da2cb617a470a7",
        "type": "github"
      },
      "original": {
        "owner": "ipetkov",
        "repo": "crane",
        "type": "github"
      }
    },
    "flake-utils": {
      "inputs": {
        "systems": "systems"
      },
      "locked": {
        "lastModified": 1731533236,
        "narHash": "sha256-l0KFg5HjrsfsO/JpG+r7fRrqm12kzFHyUHqHCVpMMbI=",
        "owner": "numtide",
        "repo": "flake-utils",
        "rev": "11707dc2f618dd54ca8739b309ec4fc024de578b",
        "type": "github"
      },
      "original": {
        "owner": "numtide",
        "repo": "flake-utils",
        "type": "github"
      }
    },
    "home-manager": {
      "inputs": {
        "nixpkgs": [
          "nixpkgs"
        ]
      },
      "locked": {
        "lastModified": 1789695075,
        "narHash": "sha256-HREFWgmCTp28ZdMkSFOW2QW8uI17v5CNc04W46h6aPo=",
        "owner": "nix-community",
        "repo": "home-manager",
        "rev": "4ac5a2ae9025eab1ebece4f9df8c315fd84a738a",
        "type": "github"
      },
      "original": {
        "owner": "nix-community",
        "ref": "master",
        "repo": "home-manager",
        "type": "github"
      }
    },
    "homebrew-cask": {
      "flake": false,
      "locked": {
        "lastModified": 1789741575,
        "narHash": "sha256-+uYaBxX7kIFTOYftsZ7E4PIAzbIV1JvoKERl89uuKts=",
        "owner": "homebrew",
        "repo": "homebrew-cask",
        "rev": "40975117e425283f3387a6a8ddab4bb2a985c23f",
        "type": "github"
      },
      "original": {
        "owner": "homebrew",
        "repo": "homebrew-cask",
        "type": "github"
      }
    },
    "homebrew-core": {
      "flake": false,
      "locked": {
        "lastModified": 1789742780,
        "narHash": "sha256-1ek5fDRkCQjv0BAf6znXK1GTJ+P4AjCIXiTFvbjl9uE=",
        "owner": "homebrew",
        "repo": "homebrew-core",
        "rev": "fd25b3255f3018e0b7d28561013c04cac8e56843",
        "type": "github"
      },
      "original": {
        "owner": "homebrew",
        "repo": "homebrew-core",
        "type": "github"
      }
    },
    "ledoxide": {
      "inputs": {
        "crane": "crane",
        "nixpkgs": [
          "nixpkgs"
        ]
      },
      "locked": {
        "lastModified": 1790384514,
        "narHash": "sha256-sGirwQf8nfxWoPsmbOfyaDTKcuv7I+T5HoffcaKwU5g=",
        "owner": "zhufucdev",
        "repo": "ledoxide",
        "rev": "dabc858477a17e4e8e2bd8df9c6503d833291d4f",
        "type": "github"
      },
      "original": {
        "owner": "zhufucdev",
        "repo": "ledoxide",
        "type": "github"
      }
    },
    "macos-cross-toolchains": {
      "flake": false,
      "locked": {
        "lastModified": 1771152123,
        "narHash": "sha256-n9uQNueFY+W5jsJfd5m+2x7p3HFw7nu2BcW+M1RaOuY=",
        "owner": "messense",
        "repo": "macos-cross-toolchains",
        "rev": "a76e79b487badebb6f70814bef72a7e969d33834",
        "type": "github"
      },
      "original": {
        "owner": "messense",
        "repo": "macos-cross-toolchains",
        "type": "github"
      }
    },
    "nix-darwin": {
      "inputs": {
        "nixpkgs": [
          "nixpkgs"
        ]
      },
      "locked": {
        "lastModified": 1786845137,
        "narHash": "sha256-oQFip+v0luP8NIxJzmiW4Wu8bILsbFWom5l0zonl8hQ=",
        "owner": "LnL7",
        "repo": "nix-darwin",
        "rev": "4cff07de74b50e64bdd68cd4e722ab5b6b35ee48",
        "type": "github"
      },
      "original": {
        "owner": "LnL7",
        "repo": "nix-darwin",
        "type": "github"
      }
    },
    "nix-homebrew": {
      "inputs": {
        "brew-src": "brew-src"
      },
      "locked": {
        "lastModified": 1788981439,
        "narHash": "sha256-fEaFq0XgpgWFPLfpq1UK4/8ylHd2T0+fo6O3hKz1LUM=",
        "owner": "zhaofengli",
        "repo": "nix-homebrew",
        "rev": "09a921d0181146cf6163ec2cc1db7b6fd539a885",
        "type": "github"
      },
      "original": {
        "owner": "zhaofengli",
        "repo": "nix-homebrew",
        "type": "github"
      }
    },
    "nixpkgs": {
      "locked": {
        "lastModified": 1789684949,
        "narHash": "sha256-ZKhUe/2IJUq1JhKxKMu8rbkgSGmPP2ZCqlIPn40aGCM=",
        "owner": "NixOS",
        "repo": "nixpkgs",
        "rev": "e554fab72f81915600f3f449b786fd9af40439a5",
        "type": "github"
      },
      "original": {
        "owner": "NixOS",
        "ref": "nixos-unstable",
        "repo": "nixpkgs",
        "type": "github"
      }
    },
    "nixpkgs_2": {
      "locked": {
        "lastModified": 1788039129,
        "narHash": "sha256-pa4Q0qErvCvzCaaUph7Sm37RhR4xvPrYI8Lgz6k85+A=",
        "owner": "NixOS",
        "repo": "nixpkgs",
        "rev": "d2f67949798825fe853f7c5d0492b8bf016d3f88",
        "type": "github"
      },
      "original": {
        "owner": "NixOS",
        "ref": "nixos-unstable",
        "repo": "nixpkgs",
        "type": "github"
      }
    },
    "root": {
      "inputs": {
        "autoraise": "autoraise",
        "flake-utils": "flake-utils",
        "home-manager": "home-manager",
        "homebrew-cask": "homebrew-cask",
        "homebrew-core": "homebrew-core",
        "ledoxide": "ledoxide",
        "macos-cross-toolchains": "macos-cross-toolchains",
        "nix-darwin": "nix-darwin",
        "nix-homebrew": "nix-homebrew",
        "nixpkgs": "nixpkgs",
        "shichizip": "shichizip",
        "sikarugir": "sikarugir",
        "sops-nix": "sops-nix",
        "tree-sitter": "tree-sitter",
        "tw93": "tw93",
        "zewo": "zewo"
      }
    },
    "shichizip": {
      "flake": false,
      "locked": {
        "lastModified": 1788930187,
        "narHash": "sha256-iyhX8nGqqQWGoSjbxCWmq14qhdS3XRBHTVyr+AOSoqc=",
        "owner": "shichizip",
        "repo": "homebrew-tap",
        "rev": "038d85ac6ca6d776506a86dbcd95faccd2d4951b",
        "type": "github"
      },
      "original": {
        "owner": "shichizip",
        "repo": "homebrew-tap",
        "type": "github"
      }
    },
    "sikarugir": {
      "flake": false,
      "locked": {
        "lastModified": 1789730539,
        "narHash": "sha256-zg4bqjNQP3j+/QIGXq36UfN7KUxV7KVolaEGx0VdSUg=",
        "owner": "Sikarugir-App",
        "repo": "homebrew-sikarugir",
        "rev": "ee6781a5b2f592cf186352a88dbfb9cab24c138c",
        "type": "github"
      },
      "original": {
        "owner": "Sikarugir-App",
        "repo": "homebrew-sikarugir",
        "type": "github"
      }
    },
    "sops-nix": {
      "inputs": {
        "nixpkgs": [
          "nixpkgs"
        ]
      },
      "locked": {
        "lastModified": 1790247521,
        "narHash": "sha256-TNfgoHsqsYYvaJImlWctfRkh4PseTagzegU1Dgdbehw=",
        "owner": "Mic92",
        "repo": "sops-nix",
        "rev": "2bd00bd9bb35fe6d114888c8f1c2e946c541dd8f",
        "type": "github"
      },
      "original": {
        "owner": "Mic92",
        "repo": "sops-nix",
        "type": "github"
      }
    },
    "systems": {
      "locked": {
        "lastModified": 1681028828,
        "narHash": "sha256-Vy1rq5AaRuLzOxct8nz4T6wlgyUR7zLU309k9mBC768=",
        "owner": "nix-systems",
        "repo": "default",
        "rev": "da67096a3b9bf56a91d16901293e51ba5b49a27e",
        "type": "github"
      },
      "original": {
        "owner": "nix-systems",
        "repo": "default",
        "type": "github"
      }
    },
    "tree-sitter": {
      "inputs": {
        "nixpkgs": "nixpkgs_2"
      },
      "locked": {
        "lastModified": 1789671712,
        "narHash": "sha256-neKliSjKOa0a94cF8udJgp2tNfcmiN2Wa6e8/Mbu+ys=",
        "owner": "tree-sitter",
        "repo": "tree-sitter",
        "rev": "5b951eff4f8b1431e933ed0fe45e48fcd4036a38",
        "type": "github"
      },
      "original": {
        "owner": "tree-sitter",
        "repo": "tree-sitter",
        "type": "github"
      }
    },
    "tw93": {
      "flake": false,
      "locked": {
        "lastModified": 1789626534,
        "narHash": "sha256-6ziRsRv4y2seowgMImqIV3ay1wmvHITdKD+8RPW8ZiY=",
        "owner": "tw93",
        "repo": "homebrew-tap",
        "rev": "99b56130ea2fff730284a5de1a9e4fc88eb1ac5b",
        "type": "github"
      },
      "original": {
        "owner": "tw93",
        "repo": "homebrew-tap",
        "type": "github"
      }
    },
    "zewo": {
      "flake": false,
      "locked": {
        "lastModified": 1510570258,
        "narHash": "sha256-mNvp5UGHNxgHc//c/NtiyF/d4eJUW6hgnHmPpvV1+A8=",
        "owner": "zewo",
        "repo": "homebrew-tap",
        "rev": "4bd657d5528c8ca60ac1a506bd28b1c291fdd57a",
        "type": "github"
      },
      "original": {
        "owner": "zewo",
        "repo": "homebrew-tap",
        "type": "github"
      }
    }
  },
  "root": "root",
  "version": 7
}
